
Microsoft Visual Studio Solution File, Format Version 12.00
# Visual Studio 15
VisualStudioVersion = 15.0.27130.2027
MinimumVisualStudioVersion = 10.0.40219.1
Project("{8BC9CEB8-8B4A-11D0-8D11-00A0C91BC942}") = "lab1_1", "lab1_1\lab1_1.vcxproj", "{41C60B59-9627-44E8-8EAD-06E14775D0E3}"
EndProject
Global
	GlobalSection(SolutionConfigurationPlatforms) = preSolution
		Debug|x64 = Debug|x64
		Debug|x86 = Debug|x86
		Release|x64 = Release|x64
		Release|x86 = Release|x86
	EndGlobalSection
	GlobalSection(ProjectConfigurationPlatforms) = postSolution
		{41C60B59-9627-44E8-8EAD-06E14775D0E3}.Debug|x64.ActiveCfg = Debug|x64
		{41C60B59-9627-44E8-8EAD-06E14775D0E3}.Debug|x64.Build.0 = Debug|x64
		{41C60B59-9627-44E8-8EAD-06E14775D0E3}.Debug|x86.ActiveCfg = Debug|Win32
		{41C60B59-9627-44E8-8EAD-06E14775D0E3}.Debug|x86.Build.0 = Debug|Win32
		{41C60B59-9627-44E8-8EAD-06E14775D0E3}.Release|x64.ActiveCfg = Release|x64
		{41C60B59-9627-44E8-8EAD-06E14775D0E3}.Release|x64.Build.0 = Release|x64
		{41C60B59-9627-44E8-8EAD-06E14775D0E3}.Release|x86.ActiveCfg = Release|Win32
		{41C60B59-9627-44E8-8EAD-06E14775D0E3}.Release|x86.Build.0 = Release|Win32
	EndGlobalSection
	GlobalSection(SolutionProperties) = preSolution
		HideSolutionNode = FALSE
	EndGlobalSection
	GlobalSection(ExtensibilityGlobals) = postSolution
		SolutionGuid = {D27BCC1D-7DDD-4B82-BF6A-413F98F8C8D9}
	EndGlobalSection
EndGlobal
